// !$*UTF8*$!
{
	archiveVersion = 1;
	classes = {
	};
	objectVersion = 50;
	objects = {

/* Begin PBXBuildFile section */
		1A82C7B5280403F800323E80 /* AppDelegate.swift in Sources */ = {isa = PBXBuildFile; fileRef = 1A82C7B4280403F800323E80 /* AppDelegate.swift */; };
		1A82C7B7280403F800323E80 /* SceneDelegate.swift in Sources */ = {isa = PBXBuildFile; fileRef = 1A82C7B6280403F800323E80 /* SceneDelegate.swift */; };
		1A82C7BC280403F800323E80 /* Main.storyboard in Resources */ = {isa = PBXBuildFile; fileRef = 1A82C7BA280403F800323E80 /* Main.storyboard */; };
		1A82C7BE280403FA00323E80 /* Assets.xcassets in Resources */ = {isa = PBXBuildFile; fileRef = 1A82C7BD280403FA00323E80 /* Assets.xcassets */; };
		1A82C7C1280403FA00323E80 /* LaunchScreen.storyboard in Resources */ = {isa = PBXBuildFile; fileRef = 1A82C7BF280403FA00323E80 /* LaunchScreen.storyboard */; };
		1A82C7CC2804048500323E80 /* LoginViewController.swift in Sources */ = {isa = PBXBuildFile; fileRef = 1A82C7CB2804048500323E80 /* LoginViewController.swift */; };
		1A82C7CE28040F5300323E80 /* CalculatorViewController.swift in Sources */ = {isa = PBXBuildFile; fileRef = 1A82C7CD28040F5300323E80 /* CalculatorViewController.swift */; };
/* End PBXBuildFile section */

/* Begin PBXFileReference section */
		1A82C7B1280403F800323E80 /* CalculatorApp(202204).app */ = {isa = PBXFileReference; explicitFileType = wrapper.application; includeInIndex = 0; path = "CalculatorApp(202204).app"; sourceTree = BUILT_PRODUCTS_DIR; };
		1A82C7B4280403F800323E80 /* AppDelegate.swift */ = {isa = PBXFileReference; lastKnownFileType = sourcecode.swift; path = AppDelegate.swift; sourceTree = "<group>"; };
		1A82C7B6280403F800323E80 /* SceneDelegate.swift */ = {isa = PBXFileReference; lastKnownFileType = sourcecode.swift; path = SceneDelegate.swift; sourceTree = "<group>"; };
		1A82C7BB280403F800323E80 /* Base */ = {isa = PBXFileReference; lastKnownFileType = file.storyboard; name = Base; path = Base.lproj/Main.storyboard; sourceTree = "<group>"; };
		1A82C7BD280403FA00323E80 /* Assets.xcassets */ = {isa = PBXFileReference; lastKnownFileType = folder.assetcatalog; path = Assets.xcassets; sourceTree = "<group>"; };
		1A82C7C0280403FA00323E80 /* Base */ = {isa = PBXFileReference; lastKnownFileType = file.storyboard; name = Base; path = Base.lproj/LaunchScreen.storyboard; sourceTree = "<group>"; };
		1A82C7C2280403FA00323E80 /* Info.plist */ = {isa = PBXFileReference; lastKnownFileType = text.plist.xml; path = Info.plist; sourceTree = "<group>"; };
		1A82C7CB2804048500323E80 /* LoginViewController.swift */ = {isa = PBXFileReference; lastKnownFileType = sourcecode.swift; path = LoginViewController.swift; sourceTree = "<group>"; };
		1A82C7CD28040F5300323E80 /* CalculatorViewController.swift */ = {isa = PBXFileReference; lastKnownFileType = sourcecode.swift; path = CalculatorViewController.swift; sourceTree = "<group>"; };
/* End PBXFileReference section */

/* Begin PBXFrameworksBuildPhase section */
		1A82C7AE280403F800323E80 /* Frameworks */ = {
			isa = PBXFrameworksBuildPhase;
			buildActionMask = 2147483647;
			files = (
			);
			runOnlyForDeploymentPostprocessing = 0;
		};
/* End PBXFrameworksBuildPhase section */

/* Begin PBXGroup section */
		1A82C7A8280403F800323E80 = {
			isa = PBXGroup;
			children = (
				1A82C7B3280403F800323E80 /* CalculatorApp(202204) */,
				1A82C7B2280403F800323E80 /* Products */,
			);
			sourceTree = "<group>";
		};
		1A82C7B2280403F800323E80 /* Products */ = {
			isa = PBXGroup;
			children = (
				1A82C7B1280403F800323E80 /* CalculatorApp(202204).app */,
			);
			name = Products;
			sourceTree = "<group>";
		};
		1A82C7B3280403F800323E80 /* CalculatorApp(202204) */ = {
			isa = PBXGroup;
			children = (
				1A82C7CA2804042E00323E80 /* Models */,
				1A82C7C82804040D00323E80 /* Views */,
				1A82C7C92804041700323E80 /* View Controllers */,
				1A82C7B4280403F800323E80 /* AppDelegate.swift */,
				1A82C7B6280403F800323E80 /* SceneDelegate.swift */,
				1A82C7BD280403FA00323E80 /* Assets.xcassets */,
				1A82C7BF280403FA00323E80 /* LaunchScreen.storyboard */,
				1A82C7C2280403FA00323E80 /* Info.plist */,
			);
			path = "CalculatorApp(202204)";
			sourceTree = "<group>";
		};
		1A82C7C82804040D00323E80 /* Views */ = {
			isa = PBXGroup;
			children = (
				1A82C7BA280403F800323E80 /* Main.storyboard */,
			);
			path = Views;
			sourceTree = "<group>";
		};
		1A82C7C92804041700323E80 /* View Controllers */ = {
			isa = PBXGroup;
			children = (
				1A82C7CB2804048500323E80 /* LoginViewController.swift */,
				1A82C7CD28040F5300323E80 /* CalculatorViewController.swift */,
			);
			path = "View Controllers";
			sourceTree = "<group>";
		};
		1A82C7CA2804042E00323E80 /* Models */ = {
			isa = PBXGroup;
			children = (
			);
			path = Models;
			sourceTree = "<group>";
		};
/* End PBXGroup section */

/* Begin PBXNativeTarget section */
		1A82C7B0280403F800323E80 /* CalculatorApp(202204) */ = {
			isa = PBXNativeTarget;
			buildConfigurationList = 1A82C7C5280403FA00323E80 /* Build configuration list for PBXNativeTarget "CalculatorApp(202204)" */;
			buildPhases = (
				1A82C7AD280403F800323E80 /* Sources */,
				1A82C7AE280403F800323E80 /* Frameworks */,
				1A82C7AF280403F800323E80 /* Resources */,
			);
			buildRules = (
			);
			dependencies = (
			);
			name = "CalculatorApp(202204)";
			productName = "CalculatorApp(202204)";
			productReference = 1A82C7B1280403F800323E80 /* CalculatorApp(202204).app */;
			productType = "com.apple.product-type.application";
		};
/* End PBXNativeTarget section */

/* Begin PBXProject section */
		1A82C7A9280403F800323E80 /* Project object */ = {
			isa = PBXProject;
			attributes = {
				LastSwiftUpdateCheck = 1250;
				LastUpgradeCheck = 1250;
				TargetAttributes = {
					1A82C7B0280403F800323E80 = {
						CreatedOnToolsVersion = 12.5.1;
					};
				};
			};
			buildConfigurationList = 1A82C7AC280403F800323E80 /* Build configuration list for PBXProject "CalculatorApp(202204)" */;
			compatibilityVersion = "Xcode 9.3";
			developmentRegion = en;
			hasScannedForEncodings = 0;
			knownRegions = (
				en,
				Base,
			);
			mainGroup = 1A82C7A8280403F800323E80;
			productRefGroup = 1A82C7B2280403F800323E80 /* Products */;
			projectDirPath = "";
			projectRoot = "";
			targets = (
				1A82C7B0280403F800323E80 /* CalculatorApp(202204) */,
			);
		};
/* End PBXProject section */

/* Begin PBXResourcesBuildPhase section */
		1A82C7AF280403F800323E80 /* Resources */ = {
			isa = PBXResourcesBuildPhase;
			buildActionMask = 2147483647;
			files = (
				1A82C7C1280403FA00323E80 /* LaunchScreen.storyboard in Resources */,
				1A82C7BE280403FA00323E80 /* Assets.xcassets in Resources */,
				1A82C7BC280403F800323E80 /* Main.storyboard in Resources */,
			);
			runOnlyForDeploymentPostprocessing = 0;
		};
/* End PBXResourcesBuildPhase section */

/* Begin PBXSourcesBuildPhase section */
		1A82C7AD280403F800323E80 /* Sources */ = {
			isa = PBXSourcesBuildPhase;
			buildActionMask = 2147483647;
			files = (
				1A82C7CC2804048500323E80 /* LoginViewController.swift in Sources */,
				1A82C7B5280403F800323E80 /* AppDelegate.swift in Sources */,
				1A82C7CE28040F5300323E80 /* CalculatorViewController.swift in Sources */,
				1A82C7B7280403F800323E80 /* SceneDelegate.swift in Sources */,
			);
			runOnlyForDeploymentPostprocessing = 0;
		};
/* End PBXSourcesBuildPhase section */

/* Begin PBXVariantGroup section */
		1A82C7BA280403F800323E80 /* Main.storyboard */ = {
			isa = PBXVariantGroup;
			children = (
				1A82C7BB280403F800323E80 /* Base */,
			);
			name = Main.storyboard;
			sourceTree = "<group>";
		};
		1A82C7BF280403FA00323E80 /* LaunchScreen.storyboard */ = {
			isa = PBXVariantGroup;
			children = (
				1A82C7C0280403FA00323E80 /* Base */,
			);
			name = LaunchScreen.storyboard;
			sourceTree = "<group>";
		};
/* End PBXVariantGroup section */

/* Begin XCBuildConfiguration section */
		1A82C7C3280403FA00323E80 /* Debug */ = {
			isa = XCBuildConfiguration;
			buildSettings = {
				ALWAYS_SEARCH_USER_PATHS = NO;
				CLANG_ANALYZER_NONNULL = YES;
				CLANG_ANALYZER_NUMBER_OBJECT_CONVERSION = YES_AGGRESSIVE;
				CLANG_CXX_LANGUAGE_STANDARD = "gnu++14";
				CLANG_CXX_LIBRARY = "libc++";
				CLANG_ENABLE_MODULES = YES;
				CLANG_ENABLE_OBJC_ARC = YES;
				CLANG_ENABLE_OBJC_WEAK = YES;
				CLANG_WARN_BLOCK_CAPTURE_AUTORELEASING = YES;
				CLANG_WARN_BOOL_CONVERSION = YES;
				CLANG_WARN_COMMA = YES;
				CLANG_WARN_CONSTANT_CONVERSION = YES;
				CLANG_WARN_DEPRECATED_OBJC_IMPLEMENTATIONS = YES;
				CLANG_WARN_DIRECT_OBJC_ISA_USAGE = YES_ERROR;
				CLANG_WARN_DOCUMENTATION_COMMENTS = YES;
				CLANG_WARN_EMPTY_BODY = YES;
				CLANG_WARN_ENUM_CONVERSION = YES;
				CLANG_WARN_INFINITE_RECURSION = YES;
				CLANG_WARN_INT_CONVERSION = YES;
				CLANG_WARN_NON_LITERAL_NULL_CONVERSION = YES;
				CLANG_WARN_OBJC_IMPLICIT_RETAIN_SELF = YES;
				CLANG_WARN_OBJC_LITERAL_CONVERSION = YES;
				CLANG_WARN_OBJC_ROOT_CLASS = YES_ERROR;
				CLANG_WARN_QUOTED_INCLUDE_IN_FRAMEWORK_HEADER = YES;
				CLANG_WARN_RANGE_LOOP_ANALYSIS = YES;
				CLANG_WARN_STRICT_PROTOTYPES = YES;
				CLANG_WARN_SUSPICIOUS_MOVE = YES;
				CLANG_WARN_UNGUARDED_AVAILABILITY = YES_AGGRESSIVE;
				CLANG_WARN_UNREACHABLE_CODE = YES;
				CLANG_WARN__DUPLICATE_METHOD_MATCH = YES;
				COPY_PHASE_STRIP = NO;
				DEBUG_INFORMATION_FORMAT = dwarf;
				ENABLE_STRICT_OBJC_MSGSEND = YES;
				ENABLE_TESTABILITY = YES;
				GCC_C_LANGUAGE_STANDARD = gnu11;
				GCC_DYNAMIC_NO_PIC = NO;
				GCC_NO_COMMON_BLOCKS = YES;
				GCC_OPTIMIZATION_LEVEL = 0;
				GCC_PREPROCESSOR_DEFINITIONS = (
					"DEBUG=1",
					"$(inherited)",
				);
				GCC_WARN_64_TO_32_BIT_CONVERSION = YES;
				GCC_WARN_ABOUT_RETURN_TYPE = YES_ERROR;
				GCC_WARN_UNDECLARED_SELECTOR = YES;
				GCC_WARN_UNINITIALIZED_AUTOS = YES_AGGRESSIVE;
				GCC_WARN_UNUSED_FUNCTION = YES;
				GCC_WARN_UNUSED_VARIABLE = YES;
				IPHONEOS_DEPLOYMENT_TARGET = 14.5;
				MTL_ENABLE_DEBUG_INFO = INCLUDE_SOURCE;
				MTL_FAST_MATH = YES;
				ONLY_ACTIVE_ARCH = YES;
				SDKROOT = iphoneos;
				SWIFT_ACTIVE_COMPILATION_CONDITIONS = DEBUG;
				SWIFT_OPTIMIZATION_LEVEL = "-Onone";
			};
			name = Debug;
		};
		1A82C7C4280403FA00323E80 /* Release */ = {
			isa = XCBuildConfiguration;
			buildSettings = {
				ALWAYS_SEARCH_USER_PATHS = NO;
				CLANG_ANALYZER_NONNULL = YES;
				CLANG_ANALYZER_NUMBER_OBJECT_CONVERSION = YES_AGGRESSIVE;
				CLANG_CXX_LANGUAGE_STANDARD = "gnu++14";
				CLANG_CXX_LIBRARY = "libc++";
				CLANG_ENABLE_MODULES = YES;
				CLANG_ENABLE_OBJC_ARC = YES;
				CLANG_ENABLE_OBJC_WEAK = YES;
				CLANG_WARN_BLOCK_CAPTURE_AUTORELEASING = YES;
				CLANG_WARN_BOOL_CONVERSION = YES;
				CLANG_WARN_COMMA = YES;
				CLANG_WARN_CONSTANT_CONVERSION = YES;
				CLANG_WARN_DEPRECATED_OBJC_IMPLEMENTATIONS = YES;
				CLANG_WARN_DIRECT_OBJC_ISA_USAGE = YES_ERROR;
				CLANG_WARN_DOCUMENTATION_COMMENTS = YES;
				CLANG_WARN_EMPTY_BODY = YES;
				CLANG_WARN_ENUM_CONVERSION = YES;
				CLANG_WARN_INFINITE_RECURSION = YES;
				CLANG_WARN_INT_CONVERSION = YES;
				CLANG_WARN_NON_LITERAL_NULL_CONVERSION = YES;
				CLANG_WARN_OBJC_IMPLICIT_RETAIN_SELF = YES;
				CLANG_WARN_OBJC_LITERAL_CONVERSION = YES;
				CLANG_WARN_OBJC_ROOT_CLASS = YES_ERROR;
				CLANG_WARN_QUOTED_INCLUDE_IN_FRAMEWORK_HEADER = YES;
				CLANG_WARN_RANGE_LOOP_ANALYSIS = YES;
				CLANG_WARN_STRICT_PROTOTYPES = YES;
				CLANG_WARN_SUSPICIOUS_MOVE = YES;
				CLANG_WARN_UNGUARDED_AVAILABILITY = YES_AGGRESSIVE;
				CLANG_WARN_UNREACHABLE_CODE = YES;
				CLANG_WARN__DUPLICATE_METHOD_MATCH = YES;
				COPY_PHASE_STRIP = NO;
				DEBUG_INFORMATION_FORMAT = "dwarf-with-dsym";
				ENABLE_NS_ASSERTIONS = NO;
				ENABLE_STRICT_OBJC_MSGSEND = YES;
				GCC_C_LANGUAGE_STANDARD = gnu11;
				GCC_NO_COMMON_BLOCKS = YES;
				GCC_WARN_64_TO_32_BIT_CONVERSION = YES;
				GCC_WARN_ABOUT_RETURN_TYPE = YES_ERROR;
				GCC_WARN_UNDECLARED_SELECTOR = YES;
				GCC_WARN_UNINITIALIZED_AUTOS = YES_AGGRESSIVE;
				GCC_WARN_UNUSED_FUNCTION = YES;
				GCC_WARN_UNUSED_VARIABLE = YES;
				IPHONEOS_DEPLOYMENT_TARGET = 14.5;
				MTL_ENABLE_DEBUG_INFO = NO;
				MTL_FAST_MATH = YES;
				SDKROOT = iphoneos;
				SWIFT_COMPILATION_MODE = wholemodule;
				SWIFT_OPTIMIZATION_LEVEL = "-O";
				VALIDATE_PRODUCT = YES;
			};
			name = Release;
		};
		1A82C7C6280403FA00323E80 /* Debug */ = {
			isa = XCBuildConfiguration;
			buildSettings = {
				ASSETCATALOG_COMPILER_APPICON_NAME = AppIcon;
				ASSETCATALOG_COMPILER_GLOBAL_ACCENT_COLOR_NAME = AccentColor;
				CODE_SIGN_STYLE = Automatic;
				DEVELOPMENT_TEAM = Y9A2W9FWVR;
				INFOPLIST_FILE = "CalculatorApp(202204)/Info.plist";
				LD_RUNPATH_SEARCH_PATHS = (
					"$(inherited)",
					"@executable_path/Frameworks",
				);
				PRODUCT_BUNDLE_IDENTIFIER = "com.chechen.CalculatorApp-202204-";
				PRODUCT_NAME = "$(TARGET_NAME)";
				SWIFT_VERSION = 5.0;
				TARGETED_DEVICE_FAMILY = "1,2";
			};
			name = Debug;
		};
		1A82C7C7280403FA00323E80 /* Release */ = {
			isa = XCBuildConfiguration;
			buildSettings = {
				ASSETCATALOG_COMPILER_APPICON_NAME = AppIcon;
				ASSETCATALOG_COMPILER_GLOBAL_ACCENT_COLOR_NAME = AccentColor;
				CODE_SIGN_STYLE = Automatic;
				DEVELOPMENT_TEAM = Y9A2W9FWVR;
				INFOPLIST_FILE = "CalculatorApp(202204)/Info.plist";
				LD_RUNPATH_SEARCH_PATHS = (
					"$(inherited)",
					"@executable_path/Frameworks",
				);
				PRODUCT_BUNDLE_IDENTIFIER = "com.chechen.CalculatorApp-202204-";
				PRODUCT_NAME = "$(TARGET_NAME)";
				SWIFT_VERSION = 5.0;
				TARGETED_DEVICE_FAMILY = "1,2";
			};
			name = Release;
		};
/* End XCBuildConfiguration section */

/* Begin XCConfigurationList section */
		1A82C7AC280403F800323E80 /* Build configuration list for PBXProject "CalculatorApp(202204)" */ = {
			isa = XCConfigurationList;
			buildConfigurations = (
				1A82C7C3280403FA00323E80 /* Debug */,
				1A82C7C4280403FA00323E80 /* Release */,
			);
			defaultConfigurationIsVisible = 0;
			defaultConfigurationName = Release;
		};
		1A82C7C5280403FA00323E80 /* Build configuration list for PBXNativeTarget "CalculatorApp(202204)" */ = {
			isa = XCConfigurationList;
			buildConfigurations = (
				1A82C7C6280403FA00323E80 /* Debug */,
				1A82C7C7280403FA00323E80 /* Release */,
			);
			defaultConfigurationIsVisible = 0;
			defaultConfigurationName = Release;
		};
/* End XCConfigurationList section */
	};
	rootObject = 1A82C7A9280403F800323E80 /* Project object */;
}
